<?xml version="1.0" encoding="utf-8"?>
<Project ToolsVersion="4.0" xmlns="http://schemas.microsoft.com/developer/msbuild/2003">
  <ItemGroup>
    <Filter Include="src">
      <UniqueIdentifier>{55d706fa-9c1d-4807-a724-9c7ecef32b0d}</UniqueIdentifier>
    </Filter>
    <Filter Include="include">
      <UniqueIdentifier>{deb9cb67-6bfc-4c6a-8bcc-0892b93ee01f}</UniqueIdentifier>
    </Filter>
    <Filter Include="include\circuitsim">
      <UniqueIdentifier>{74405057-b9a5-4b23-9c84-f56496dfdee5}</UniqueIdentifier>
    </Filter>
  </ItemGroup>
  <ItemGroup>
    <ClCompile Include="$(MSBuildThisFileDirectory)..\..\circuitsim\src\circuitsim.cpp">
      <Filter>src</Filter>
    </ClCompile>
    <ClCompile Include="$(MSBuildThisFileDirectory)..\..\circuitsim\src\component.cpp">
      <Filter>src</Filter>
    </ClCompile>
    <ClCompile Include="$(MSBuildThisFileDirectory)..\..\circuitsim\src\current_source.cpp">
      <Filter>src</Filter>
    </ClCompile>
    <ClCompile Include="$(MSBuildThisFileDirectory)..\..\circuitsim\src\matrix.cpp">
      <Filter>src</Filter>
    </ClCompile>
    <ClCompile Include="$(MSBuildThisFileDirectory)..\..\circuitsim\src\parser.cpp">
      <Filter>src</Filter>
    </ClCompile>
    <ClCompile Include="$(MSBuildThisFileDirectory)..\..\circuitsim\src\resistor.cpp">
      <Filter>src</Filter>
    </ClCompile>
    <ClCompile Include="$(MSBuildThisFileDirectory)..\..\circuitsim\src\simulation.cpp">
      <Filter>src</Filter>
    </ClCompile>
    <ClCompile Include="$(MSBuildThisFileDirectory)..\..\circuitsim\src\token.cpp">
      <Filter>src</Filter>
    </ClCompile>
    <ClCompile Include="$(MSBuildThisFileDirectory)..\..\circuitsim\src\voltage_source.cpp">
      <Filter>src</Filter>
    </ClCompile>
  </ItemGroup>
  <ItemGroup>
    <ClInclude Include="$(MSBuildThisFileDirectory)..\..\circuitsim\src\component.h">
      <Filter>src</Filter>
    </ClInclude>
    <ClInclude Include="$(MSBuildThisFileDirectory)..\..\circuitsim\src\current_source.h">
      <Filter>src</Filter>
    </ClInclude>
    <ClInclude Include="$(MSBuildThisFileDirectory)..\..\circuitsim\src\matrix.h">
      <Filter>src</Filter>
    </ClInclude>
    <ClInclude Include="$(MSBuildThisFileDirectory)..\..\circuitsim\src\parser.h">
      <Filter>src</Filter>
    </ClInclude>
    <ClInclude Include="$(MSBuildThisFileDirectory)..\..\circuitsim\src\resistor.h">
      <Filter>src</Filter>
    </ClInclude>
    <ClInclude Include="$(MSBuildThisFileDirectory)..\..\circuitsim\src\simulation.h">
      <Filter>src</Filter>
    </ClInclude>
    <ClInclude Include="$(MSBuildThisFileDirectory)..\..\circuitsim\src\token.h">
      <Filter>src</Filter>
    </ClInclude>
    <ClInclude Include="$(MSBuildThisFileDirectory)..\..\circuitsim\src\utils.h">
      <Filter>src</Filter>
    </ClInclude>
    <ClInclude Include="$(MSBuildThisFileDirectory)..\..\circuitsim\src\voltage_source.h">
      <Filter>src</Filter>
    </ClInclude>
    <ClInclude Include="$(MSBuildThisFileDirectory)..\..\circuitsim\include\circuitsim.h">
      <Filter>include</Filter>
    </ClInclude>
    <ClInclude Include="$(MSBuildThisFileDirectory)..\..\circuitsim\include\circuitsim++.h">
      <Filter>include</Filter>
    </ClInclude>
    <ClInclude Include="$(MSBuildThisFileDirectory)..\..\circuitsim\include\circuitsim\simulation.h">
      <Filter>include\circuitsim</Filter>
    </ClInclude>
    <ClInclude Include="$(MSBuildThisFileDirectory)..\..\circuitsim\include\circuitsim\utils.h">
      <Filter>include\circuitsim</Filter>
    </ClInclude>
  </ItemGroup>
</Project>